PODS:
  - Realm (10.7.3):
    - Realm/Headers (= 10.7.3)
  - Realm/Headers (10.7.3)
  - RealmSwift (10.7.3):
    - Realm (= 10.7.3)

DEPENDENCIES:
  - RealmSwift

SPEC REPOS:
  trunk:
    - Realm
    - RealmSwift

SPEC CHECKSUMS:
  Realm: 472ea9ad72cee02df140dfd2926f482df6addbd2
  RealmSwift: 7462f44bc04b61505ef70e4863ee7ce48fa12ede

PODFILE CHECKSUM: f78e8f6d0ba2d8213a5a0761d10a8f085a389e57

COCOAPODS: 1.10.1
